
Microsoft Visual Studio Solution File, Format Version 12.00
# Visual Studio Version 16
VisualStudioVersion = 16.0.31829.152
MinimumVisualStudioVersion = 10.0.40219.1
Project("{FAE04EC0-301F-11D3-BF4B-00C04F79EFBC}") = "TryCRUD", "TryCRUD\TryCRUD.csproj", "{F759F2FF-A15A-43C5-AA87-4B49F3C93A25}"
EndProject
Global
	GlobalSection(SolutionConfigurationPlatforms) = preSolution
		Debug|Any CPU = Debug|Any CPU
		Release|Any CPU = Release|Any CPU
	EndGlobalSection
	GlobalSection(ProjectConfigurationPlatforms) = postSolution
		{F759F2FF-A15A-43C5-AA87-4B49F3C93A25}.Debug|Any CPU.ActiveCfg = Debug|Any CPU
		{F759F2FF-A15A-43C5-AA87-4B49F3C93A25}.Debug|Any CPU.Build.0 = Debug|Any CPU
		{F759F2FF-A15A-43C5-AA87-4B49F3C93A25}.Release|Any CPU.ActiveCfg = Release|Any CPU
		{F759F2FF-A15A-43C5-AA87-4B49F3C93A25}.Release|Any CPU.Build.0 = Release|Any CPU
	EndGlobalSection
	GlobalSection(SolutionProperties) = preSolution
		HideSolutionNode = FALSE
	EndGlobalSection
	GlobalSection(ExtensibilityGlobals) = postSolution
		SolutionGuid = {1194FF96-0C0D-4AD1-8BCB-D5F5CA430C25}
	EndGlobalSection
EndGlobal
